
Microsoft Visual Studio Solution File, Format Version 12.00
# Visual Studio Version 16
VisualStudioVersion = 16.0.31911.196
MinimumVisualStudioVersion = 10.0.40219.1
Project("{FAE04EC0-301F-11D3-BF4B-00C04F79EFBC}") = "StudentDetailsUsingMilti-Tier", "StudentDetailsUsingMilti-Tier\StudentDetailsUsingMilti-Tier.csproj", "{18281C97-56B1-48EF-A77B-1BD0DEEE85D5}"
EndProject
Project("{FAE04EC0-301F-11D3-BF4B-00C04F79EFBC}") = "BussinessLayer", "BussinessLayer\BussinessLayer.csproj", "{D6CD217F-C518-49E0-820C-3713B44E7CEB}"
EndProject
Project("{FAE04EC0-301F-11D3-BF4B-00C04F79EFBC}") = "CommonLayer", "CommonLayer\CommonLayer.csproj", "{97B77966-C452-4DF3-A21B-E326CC27A7C1}"
EndProject
Project("{FAE04EC0-301F-11D3-BF4B-00C04F79EFBC}") = "DataAccessLayer", "DataAccessLayer\DataAccessLayer.csproj", "{6D73C4B3-922C-4EE0-B6CB-B6959D453A7A}"
EndProject
Global
	GlobalSection(SolutionConfigurationPlatforms) = preSolution
		Debug|Any CPU = Debug|Any CPU
		Release|Any CPU = Release|Any CPU
	EndGlobalSection
	GlobalSection(ProjectConfigurationPlatforms) = postSolution
		{18281C97-56B1-48EF-A77B-1BD0DEEE85D5}.Debug|Any CPU.ActiveCfg = Debug|Any CPU
		{18281C97-56B1-48EF-A77B-1BD0DEEE85D5}.Debug|Any CPU.Build.0 = Debug|Any CPU
		{18281C97-56B1-48EF-A77B-1BD0DEEE85D5}.Release|Any CPU.ActiveCfg = Release|Any CPU
		{18281C97-56B1-48EF-A77B-1BD0DEEE85D5}.Release|Any CPU.Build.0 = Release|Any CPU
		{D6CD217F-C518-49E0-820C-3713B44E7CEB}.Debug|Any CPU.ActiveCfg = Debug|Any CPU
		{D6CD217F-C518-49E0-820C-3713B44E7CEB}.Debug|Any CPU.Build.0 = Debug|Any CPU
		{D6CD217F-C518-49E0-820C-3713B44E7CEB}.Release|Any CPU.ActiveCfg = Release|Any CPU
		{D6CD217F-C518-49E0-820C-3713B44E7CEB}.Release|Any CPU.Build.0 = Release|Any CPU
		{97B77966-C452-4DF3-A21B-E326CC27A7C1}.Debug|Any CPU.ActiveCfg = Debug|Any CPU
		{97B77966-C452-4DF3-A21B-E326CC27A7C1}.Debug|Any CPU.Build.0 = Debug|Any CPU
		{97B77966-C452-4DF3-A21B-E326CC27A7C1}.Release|Any CPU.ActiveCfg = Release|Any CPU
		{97B77966-C452-4DF3-A21B-E326CC27A7C1}.Release|Any CPU.Build.0 = Release|Any CPU
		{6D73C4B3-922C-4EE0-B6CB-B6959D453A7A}.Debug|Any CPU.ActiveCfg = Debug|Any CPU
		{6D73C4B3-922C-4EE0-B6CB-B6959D453A7A}.Debug|Any CPU.Build.0 = Debug|Any CPU
		{6D73C4B3-922C-4EE0-B6CB-B6959D453A7A}.Release|Any CPU.ActiveCfg = Release|Any CPU
		{6D73C4B3-922C-4EE0-B6CB-B6959D453A7A}.Release|Any CPU.Build.0 = Release|Any CPU
	EndGlobalSection
	GlobalSection(SolutionProperties) = preSolution
		HideSolutionNode = FALSE
	EndGlobalSection
	GlobalSection(ExtensibilityGlobals) = postSolution
		SolutionGuid = {030DAD6E-F3BB-440F-9BE6-FAF85473C960}
	EndGlobalSection
EndGlobal
